
Microsoft Visual Studio Solution File, Format Version 12.00
# Visual Studio Version 16
VisualStudioVersion = 16.0.31129.286
MinimumVisualStudioVersion = 10.0.40219.1
Project("{8BC9CEB8-8B4A-11D0-8D11-00A0C91BC942}") = "quickjs_win", "quickjs_win\quickjs_win.vcxproj", "{84179FE7-DB1C-4984-890E-550BCF3219B3}"
EndProject
Global
	GlobalSection(SolutionConfigurationPlatforms) = preSolution
		Debug|x64 = Debug|x64
		Debug|x86 = Debug|x86
		Release|x64 = Release|x64
		Release|x86 = Release|x86
	EndGlobalSection
	GlobalSection(ProjectConfigurationPlatforms) = postSolution
		{84179FE7-DB1C-4984-890E-550BCF3219B3}.Debug|x64.ActiveCfg = Debug|x64
		{84179FE7-DB1C-4984-890E-550BCF3219B3}.Debug|x64.Build.0 = Debug|x64
		{84179FE7-DB1C-4984-890E-550BCF3219B3}.Debug|x86.ActiveCfg = Debug|Win32
		{84179FE7-DB1C-4984-890E-550BCF3219B3}.Debug|x86.Build.0 = Debug|Win32
		{84179FE7-DB1C-4984-890E-550BCF3219B3}.Release|x64.ActiveCfg = Release|x64
		{84179FE7-DB1C-4984-890E-550BCF3219B3}.Release|x64.Build.0 = Release|x64
		{84179FE7-DB1C-4984-890E-550BCF3219B3}.Release|x86.ActiveCfg = Release|Win32
		{84179FE7-DB1C-4984-890E-550BCF3219B3}.Release|x86.Build.0 = Release|Win32
	EndGlobalSection
	GlobalSection(SolutionProperties) = preSolution
		HideSolutionNode = FALSE
	EndGlobalSection
	GlobalSection(ExtensibilityGlobals) = postSolution
		SolutionGuid = {D225B265-F476-4340-AA00-C7D98DB6550A}
	EndGlobalSection
EndGlobal
